{
  "name": "homebridge-plugin-command",
  "version": "1.0.3",
  "lockfileVersion": 3,
  "requires": true,
  "packages": {
    "": {
      "name": "homebridge-plugin-command",
      "version": "1.0.3",
      "license": "Apache-2.0",
      "engines": {
        "homebridge": ">=0.2.0",
        "node": ">=0.12.0"
      }
    }
  }
}
